
Microsoft Visual Studio Solution File, Format Version 12.00
# Visual Studio Version 17
VisualStudioVersion = 17.3.32901.215
MinimumVisualStudioVersion = 10.0.40219.1
Project("{9A19103F-16F7-4668-BE54-9A1E7A4F7556}") = "PetBook", "PetBook\PetBook.csproj", "{67CE31FF-018E-4B7F-85FF-E54FC814207B}"
	ProjectSection(ProjectDependencies) = postProject
		{016DF556-9F2C-499B-AA36-C10350C2A921} = {016DF556-9F2C-499B-AA36-C10350C2A921}
	EndProjectSection
EndProject
Project("{9A19103F-16F7-4668-BE54-9A1E7A4F7556}") = "PetBook.Core", "PetBook.Core\PetBook.Core.csproj", "{016DF556-9F2C-499B-AA36-C10350C2A921}"
	ProjectSection(ProjectDependencies) = postProject
		{C7A13280-328B-495E-8995-DBFBF500D6B8} = {C7A13280-328B-495E-8995-DBFBF500D6B8}
	EndProjectSection
EndProject
Project("{9A19103F-16F7-4668-BE54-9A1E7A4F7556}") = "PetBook.Infrastructure", "PetBook.Infrastructure\PetBook.Infrastructure.csproj", "{C7A13280-328B-495E-8995-DBFBF500D6B8}"
EndProject
Global
	GlobalSection(SolutionConfigurationPlatforms) = preSolution
		Debug|Any CPU = Debug|Any CPU
		Release|Any CPU = Release|Any CPU
	EndGlobalSection
	GlobalSection(ProjectConfigurationPlatforms) = postSolution
		{67CE31FF-018E-4B7F-85FF-E54FC814207B}.Debug|Any CPU.ActiveCfg = Debug|Any CPU
		{67CE31FF-018E-4B7F-85FF-E54FC814207B}.Debug|Any CPU.Build.0 = Debug|Any CPU
		{67CE31FF-018E-4B7F-85FF-E54FC814207B}.Release|Any CPU.ActiveCfg = Release|Any CPU
		{67CE31FF-018E-4B7F-85FF-E54FC814207B}.Release|Any CPU.Build.0 = Release|Any CPU
		{016DF556-9F2C-499B-AA36-C10350C2A921}.Debug|Any CPU.ActiveCfg = Debug|Any CPU
		{016DF556-9F2C-499B-AA36-C10350C2A921}.Debug|Any CPU.Build.0 = Debug|Any CPU
		{016DF556-9F2C-499B-AA36-C10350C2A921}.Release|Any CPU.ActiveCfg = Release|Any CPU
		{016DF556-9F2C-499B-AA36-C10350C2A921}.Release|Any CPU.Build.0 = Release|Any CPU
		{C7A13280-328B-495E-8995-DBFBF500D6B8}.Debug|Any CPU.ActiveCfg = Debug|Any CPU
		{C7A13280-328B-495E-8995-DBFBF500D6B8}.Debug|Any CPU.Build.0 = Debug|Any CPU
		{C7A13280-328B-495E-8995-DBFBF500D6B8}.Release|Any CPU.ActiveCfg = Release|Any CPU
		{C7A13280-328B-495E-8995-DBFBF500D6B8}.Release|Any CPU.Build.0 = Release|Any CPU
	EndGlobalSection
	GlobalSection(SolutionProperties) = preSolution
		HideSolutionNode = FALSE
	EndGlobalSection
	GlobalSection(ExtensibilityGlobals) = postSolution
		SolutionGuid = {DC6E53FA-A152-4200-9FE5-FF96E4F18853}
	EndGlobalSection
EndGlobal
